
Microsoft Visual Studio Solution File, Format Version 12.00
# Visual Studio Version 17
VisualStudioVersion = 17.13.35931.197 d17.13
MinimumVisualStudioVersion = 10.0.40219.1
Project("{FAE04EC0-301F-11D3-BF4B-00C04F79EFBC}") = "MvcMovie", "MvcMovie\MvcMovie.csproj", "{05FEEAEA-1E23-438F-9F27-FBE305D0F9A8}"
EndProject
Global
	GlobalSection(SolutionConfigurationPlatforms) = preSolution
		Debug|Any CPU = Debug|Any CPU
		Release|Any CPU = Release|Any CPU
	EndGlobalSection
	GlobalSection(ProjectConfigurationPlatforms) = postSolution
		{05FEEAEA-1E23-438F-9F27-FBE305D0F9A8}.Debug|Any CPU.ActiveCfg = Debug|Any CPU
		{05FEEAEA-1E23-438F-9F27-FBE305D0F9A8}.Debug|Any CPU.Build.0 = Debug|Any CPU
		{05FEEAEA-1E23-438F-9F27-FBE305D0F9A8}.Release|Any CPU.ActiveCfg = Release|Any CPU
		{05FEEAEA-1E23-438F-9F27-FBE305D0F9A8}.Release|Any CPU.Build.0 = Release|Any CPU
	EndGlobalSection
	GlobalSection(SolutionProperties) = preSolution
		HideSolutionNode = FALSE
	EndGlobalSection
	GlobalSection(ExtensibilityGlobals) = postSolution
		SolutionGuid = {4A5A3E52-B582-4AB2-B0A9-CBAB99D36CC5}
	EndGlobalSection
EndGlobal
